{
  "name": "ajs-homeworks-platforms-using-library-for-browser-and-node",
  "version": "1.0.0",
  "lockfileVersion": 2,
  "requires": true,
  "packages": {
    "": {
      "name": "ajs-homeworks-platforms-using-library-for-browser-and-node",
      "version": "1.0.0",
      "license": "ISC",
      "dependencies": {
        "@neondoll/ajs-homeworks-platforms-library-for-browser-and-node": "^1.0.0"
      }
    },
    "node_modules/@neondoll/ajs-homeworks-platforms-library-for-browser-and-node": {
      "version": "1.0.0",
      "resolved": "https://npm.pkg.github.com/download/@neondoll/ajs-homeworks-platforms-library-for-browser-and-node/1.0.0/91e6a40f858e508379c5e14ee1d31d6cbf0bf466",
      "integrity": "sha512-X34+FT6SutX5zQj2VbBjTT0W8nGMy5ynK5UiNHx1cO0ZEh6bDAgF2Ci6aOmPxeMchM/IyKPI4pRcwPkWOqXl6A==",
      "license": "ISC"
    }
  },
  "dependencies": {
    "@neondoll/ajs-homeworks-platforms-library-for-browser-and-node": {
      "version": "1.0.0",
      "resolved": "https://npm.pkg.github.com/download/@neondoll/ajs-homeworks-platforms-library-for-browser-and-node/1.0.0/91e6a40f858e508379c5e14ee1d31d6cbf0bf466",
      "integrity": "sha512-X34+FT6SutX5zQj2VbBjTT0W8nGMy5ynK5UiNHx1cO0ZEh6bDAgF2Ci6aOmPxeMchM/IyKPI4pRcwPkWOqXl6A=="
    }
  }
}
